Microsoft Visual Studio Solution File, Format Version 12.00
# Visual Studio Version 17
VisualStudioVersion = 17.5.2.0
MinimumVisualStudioVersion = 10.0.40219.1
Project("{FAE04EC0-301F-11D3-BF4B-00C04F79EFBC}") = "ScrumPilot.UnitTests", "ScrumPilot.UnitTests\ScrumPilot.UnitTests.csproj", "{AB20D8A2-46FC-BE51-B6DA-F5F70C9AAD88}"
EndProject
Project("{FAE04EC0-301F-11D3-BF4B-00C04F79EFBC}") = "ScrumPilot.API", "ScrumPilot.API\ScrumPilot.API.csproj", "{668118CF-B0D4-8427-B478-A541F2AE55DC}"
EndProject
Project("{FAE04EC0-301F-11D3-BF4B-00C04F79EFBC}") = "ScrumPilot.Data", "ScrumPilot.Data\ScrumPilot.Data.csproj", "{3439BE51-B230-90A4-5A1D-5AA7D313F357}"
EndProject
Project("{FAE04EC0-301F-11D3-BF4B-00C04F79EFBC}") = "ScrumPilot.Shared", "ScrumPilot.Shared\ScrumPilot.Shared.csproj", "{D6315F00-122C-8952-CA68-EE9D0825589C}"
EndProject
Project("{FAE04EC0-301F-11D3-BF4B-00C04F79EFBC}") = "ScrumPilot.Web", "ScrumPilot.Web\ScrumPilot.Web.csproj", "{B611BF1C-90B1-FF3B-5880-D32F754313C3}"
EndProject
Project("{2150E333-8FDC-42A3-9474-1A3956D46DE8}") = "ScrumPilot.API (1)", "ScrumPilot.API (1)", "{0171A3B6-B8B0-E5D6-CC88-505659FF9605}"
EndProject
Project("{FAE04EC0-301F-11D3-BF4B-00C04F79EFBC}") = "ScrumPilot.Data", "ScrumPilot.API\ScrumPilot.Data\ScrumPilot.Data.csproj", "{3EC28CA1-6E75-63E2-F5BF-303A186955E8}"
EndProject
Global
	GlobalSection(SolutionConfigurationPlatforms) = preSolution
		Debug|Any CPU = Debug|Any CPU
		Release|Any CPU = Release|Any CPU
	EndGlobalSection
	GlobalSection(ProjectConfigurationPlatforms) = postSolution
		{AB20D8A2-46FC-BE51-B6DA-F5F70C9AAD88}.Debug|Any CPU.ActiveCfg = Debug|Any CPU
		{AB20D8A2-46FC-BE51-B6DA-F5F70C9AAD88}.Debug|Any CPU.Build.0 = Debug|Any CPU
		{AB20D8A2-46FC-BE51-B6DA-F5F70C9AAD88}.Release|Any CPU.ActiveCfg = Release|Any CPU
		{AB20D8A2-46FC-BE51-B6DA-F5F70C9AAD88}.Release|Any CPU.Build.0 = Release|Any CPU
		{668118CF-B0D4-8427-B478-A541F2AE55DC}.Debug|Any CPU.ActiveCfg = Debug|Any CPU
		{668118CF-B0D4-8427-B478-A541F2AE55DC}.Debug|Any CPU.Build.0 = Debug|Any CPU
		{668118CF-B0D4-8427-B478-A541F2AE55DC}.Release|Any CPU.ActiveCfg = Release|Any CPU
		{668118CF-B0D4-8427-B478-A541F2AE55DC}.Release|Any CPU.Build.0 = Release|Any CPU
		{3439BE51-B230-90A4-5A1D-5AA7D313F357}.Debug|Any CPU.ActiveCfg = Debug|Any CPU
		{3439BE51-B230-90A4-5A1D-5AA7D313F357}.Debug|Any CPU.Build.0 = Debug|Any CPU
		{3439BE51-B230-90A4-5A1D-5AA7D313F357}.Release|Any CPU.ActiveCfg = Release|Any CPU
		{3439BE51-B230-90A4-5A1D-5AA7D313F357}.Release|Any CPU.Build.0 = Release|Any CPU
		{D6315F00-122C-8952-CA68-EE9D0825589C}.Debug|Any CPU.ActiveCfg = Debug|Any CPU
		{D6315F00-122C-8952-CA68-EE9D0825589C}.Debug|Any CPU.Build.0 = Debug|Any CPU
		{D6315F00-122C-8952-CA68-EE9D0825589C}.Release|Any CPU.ActiveCfg = Release|Any CPU
		{D6315F00-122C-8952-CA68-EE9D0825589C}.Release|Any CPU.Build.0 = Release|Any CPU
		{B611BF1C-90B1-FF3B-5880-D32F754313C3}.Debug|Any CPU.ActiveCfg = Debug|Any CPU
		{B611BF1C-90B1-FF3B-5880-D32F754313C3}.Debug|Any CPU.Build.0 = Debug|Any CPU
		{B611BF1C-90B1-FF3B-5880-D32F754313C3}.Release|Any CPU.ActiveCfg = Release|Any CPU
		{B611BF1C-90B1-FF3B-5880-D32F754313C3}.Release|Any CPU.Build.0 = Release|Any CPU
		{3EC28CA1-6E75-63E2-F5BF-303A186955E8}.Debug|Any CPU.ActiveCfg = Debug|Any CPU
		{3EC28CA1-6E75-63E2-F5BF-303A186955E8}.Debug|Any CPU.Build.0 = Debug|Any CPU
		{3EC28CA1-6E75-63E2-F5BF-303A186955E8}.Release|Any CPU.ActiveCfg = Release|Any CPU
		{3EC28CA1-6E75-63E2-F5BF-303A186955E8}.Release|Any CPU.Build.0 = Release|Any CPU
	EndGlobalSection
	GlobalSection(SolutionProperties) = preSolution
		HideSolutionNode = FALSE
	EndGlobalSection
	GlobalSection(NestedProjects) = preSolution
		{3EC28CA1-6E75-63E2-F5BF-303A186955E8} = {0171A3B6-B8B0-E5D6-CC88-505659FF9605}
	EndGlobalSection
	GlobalSection(ExtensibilityGlobals) = postSolution
		SolutionGuid = {F13E6E21-B920-4C1A-B4ED-F5F442F54DCF}
	EndGlobalSection
EndGlobal
