<Solution>
  <Project Path="ScrumPilot.Data/ScrumPilot.Data.csproj" />
  <Project Path="ScrumPilot.Shared/ScrumPilot.Shared.csproj" />
  <Project Path="ScrumPilot.UnitTests/ScrumPilot.UnitTests.csproj">
    <Build Solution="Debug|*" Project="false" />
  </Project>
  <Project Path="ScrumPilot.Web/ScrumPilot.Web.csproj" />
</Solution>
